
Microsoft Visual Studio Solution File, Format Version 12.00
# Visual Studio Version 16
VisualStudioVersion = 16.0.29613.14
MinimumVisualStudioVersion = 10.0.40219.1
Project("{9A19103F-16F7-4668-BE54-9A1E7A4F7556}") = "jun1.warikan", "jun1.warikan\jun1.warikan\jun1.warikan.csproj", "{D857881F-1E3F-4073-A477-DF3F541F0DF2}"
EndProject
Project("{FAE04EC0-301F-11D3-BF4B-00C04F79EFBC}") = "jun1.warikan.Android", "jun1.warikan\jun1.warikan.Android\jun1.warikan.Android.csproj", "{2AACBE49-B793-46CC-804E-FF5B0E59954F}"
EndProject
Project("{FAE04EC0-301F-11D3-BF4B-00C04F79EFBC}") = "jun1.warikan.iOS", "jun1.warikan\jun1.warikan.iOS\jun1.warikan.iOS.csproj", "{58B33F02-F194-47EE-9302-3C91B5E75EB0}"
EndProject
Project("{FAE04EC0-301F-11D3-BF4B-00C04F79EFBC}") = "jun1.warikan.ViewModels", "jun1.warikan\jun1.warikan.ViewModels\jun1.warikan.ViewModels.csproj", "{F3AE3D5F-4183-4E5C-90BD-8B48B171BD4D}"
EndProject
Global
	GlobalSection(SolutionConfigurationPlatforms) = preSolution
		Ad-Hoc|Any CPU = Ad-Hoc|Any CPU
		Ad-Hoc|iPhone = Ad-Hoc|iPhone
		Ad-Hoc|iPhoneSimulator = Ad-Hoc|iPhoneSimulator
		AppStore|Any CPU = AppStore|Any CPU
		AppStore|iPhone = AppStore|iPhone
		AppStore|iPhoneSimulator = AppStore|iPhoneSimulator
		Debug|Any CPU = Debug|Any CPU
		Debug|iPhone = Debug|iPhone
		Debug|iPhoneSimulator = Debug|iPhoneSimulator
		Release|Any CPU = Release|Any CPU
		Release|iPhone = Release|iPhone
		Release|iPhoneSimulator = Release|iPhoneSimulator
	EndGlobalSection
	GlobalSection(ProjectConfigurationPlatforms) = postSolution
		{D857881F-1E3F-4073-A477-DF3F541F0DF2}.Ad-Hoc|Any CPU.ActiveCfg = Debug|Any CPU
		{D857881F-1E3F-4073-A477-DF3F541F0DF2}.Ad-Hoc|Any CPU.Build.0 = Debug|Any CPU
		{D857881F-1E3F-4073-A477-DF3F541F0DF2}.Ad-Hoc|iPhone.ActiveCfg = Debug|Any CPU
		{D857881F-1E3F-4073-A477-DF3F541F0DF2}.Ad-Hoc|iPhone.Build.0 = Debug|Any CPU
		{D857881F-1E3F-4073-A477-DF3F541F0DF2}.Ad-Hoc|iPhoneSimulator.ActiveCfg = Debug|Any CPU
		{D857881F-1E3F-4073-A477-DF3F541F0DF2}.Ad-Hoc|iPhoneSimulator.Build.0 = Debug|Any CPU
		{D857881F-1E3F-4073-A477-DF3F541F0DF2}.AppStore|Any CPU.ActiveCfg = Debug|Any CPU
		{D857881F-1E3F-4073-A477-DF3F541F0DF2}.AppStore|Any CPU.Build.0 = Debug|Any CPU
		{D857881F-1E3F-4073-A477-DF3F541F0DF2}.AppStore|iPhone.ActiveCfg = Debug|Any CPU
		{D857881F-1E3F-4073-A477-DF3F541F0DF2}.AppStore|iPhone.Build.0 = Debug|Any CPU
		{D857881F-1E3F-4073-A477-DF3F541F0DF2}.AppStore|iPhoneSimulator.ActiveCfg = Debug|Any CPU
		{D857881F-1E3F-4073-A477-DF3F541F0DF2}.AppStore|iPhoneSimulator.Build.0 = Debug|Any CPU
		{D857881F-1E3F-4073-A477-DF3F541F0DF2}.Debug|Any CPU.ActiveCfg = Debug|Any CPU
		{D857881F-1E3F-4073-A477-DF3F541F0DF2}.Debug|Any CPU.Build.0 = Debug|Any CPU
		{D857881F-1E3F-4073-A477-DF3F541F0DF2}.Debug|iPhone.ActiveCfg = Debug|Any CPU
		{D857881F-1E3F-4073-A477-DF3F541F0DF2}.Debug|iPhone.Build.0 = Debug|Any CPU
		{D857881F-1E3F-4073-A477-DF3F541F0DF2}.Debug|iPhoneSimulator.ActiveCfg = Debug|Any CPU
		{D857881F-1E3F-4073-A477-DF3F541F0DF2}.Debug|iPhoneSimulator.Build.0 = Debug|Any CPU
		{D857881F-1E3F-4073-A477-DF3F541F0DF2}.Release|Any CPU.ActiveCfg = Release|Any CPU
		{D857881F-1E3F-4073-A477-DF3F541F0DF2}.Release|Any CPU.Build.0 = Release|Any CPU
		{D857881F-1E3F-4073-A477-DF3F541F0DF2}.Release|iPhone.ActiveCfg = Release|Any CPU
		{D857881F-1E3F-4073-A477-DF3F541F0DF2}.Release|iPhone.Build.0 = Release|Any CPU
		{D857881F-1E3F-4073-A477-DF3F541F0DF2}.Release|iPhoneSimulator.ActiveCfg = Release|Any CPU
		{D857881F-1E3F-4073-A477-DF3F541F0DF2}.Release|iPhoneSimulator.Build.0 = Release|Any CPU
		{2AACBE49-B793-46CC-804E-FF5B0E59954F}.Ad-Hoc|Any CPU.ActiveCfg = Release|Any CPU
		{2AACBE49-B793-46CC-804E-FF5B0E59954F}.Ad-Hoc|Any CPU.Build.0 = Release|Any CPU
		{2AACBE49-B793-46CC-804E-FF5B0E59954F}.Ad-Hoc|Any CPU.Deploy.0 = Release|Any CPU
		{2AACBE49-B793-46CC-804E-FF5B0E59954F}.Ad-Hoc|iPhone.ActiveCfg = Release|Any CPU
		{2AACBE49-B793-46CC-804E-FF5B0E59954F}.Ad-Hoc|iPhone.Build.0 = Release|Any CPU
		{2AACBE49-B793-46CC-804E-FF5B0E59954F}.Ad-Hoc|iPhone.Deploy.0 = Release|Any CPU
		{2AACBE49-B793-46CC-804E-FF5B0E59954F}.Ad-Hoc|iPhoneSimulator.ActiveCfg = Release|Any CPU
		{2AACBE49-B793-46CC-804E-FF5B0E59954F}.Ad-Hoc|iPhoneSimulator.Build.0 = Release|Any CPU
		{2AACBE49-B793-46CC-804E-FF5B0E59954F}.Ad-Hoc|iPhoneSimulator.Deploy.0 = Release|Any CPU
		{2AACBE49-B793-46CC-804E-FF5B0E59954F}.AppStore|Any CPU.ActiveCfg = Release|Any CPU
		{2AACBE49-B793-46CC-804E-FF5B0E59954F}.AppStore|Any CPU.Build.0 = Release|Any CPU
		{2AACBE49-B793-46CC-804E-FF5B0E59954F}.AppStore|Any CPU.Deploy.0 = Release|Any CPU
		{2AACBE49-B793-46CC-804E-FF5B0E59954F}.AppStore|iPhone.ActiveCfg = Release|Any CPU
		{2AACBE49-B793-46CC-804E-FF5B0E59954F}.AppStore|iPhone.Build.0 = Release|Any CPU
		{2AACBE49-B793-46CC-804E-FF5B0E59954F}.AppStore|iPhone.Deploy.0 = Release|Any CPU
		{2AACBE49-B793-46CC-804E-FF5B0E59954F}.AppStore|iPhoneSimulator.ActiveCfg = Release|Any CPU
		{2AACBE49-B793-46CC-804E-FF5B0E59954F}.AppStore|iPhoneSimulator.Build.0 = Release|Any CPU
		{2AACBE49-B793-46CC-804E-FF5B0E59954F}.AppStore|iPhoneSimulator.Deploy.0 = Release|Any CPU
		{2AACBE49-B793-46CC-804E-FF5B0E59954F}.Debug|Any CPU.ActiveCfg = Debug|Any CPU
		{2AACBE49-B793-46CC-804E-FF5B0E59954F}.Debug|Any CPU.Build.0 = Debug|Any CPU
		{2AACBE49-B793-46CC-804E-FF5B0E59954F}.Debug|Any CPU.Deploy.0 = Debug|Any CPU
		{2AACBE49-B793-46CC-804E-FF5B0E59954F}.Debug|iPhone.ActiveCfg = Debug|Any CPU
		{2AACBE49-B793-46CC-804E-FF5B0E59954F}.Debug|iPhone.Build.0 = Debug|Any CPU
		{2AACBE49-B793-46CC-804E-FF5B0E59954F}.Debug|iPhone.Deploy.0 = Debug|Any CPU
		{2AACBE49-B793-46CC-804E-FF5B0E59954F}.Debug|iPhoneSimulator.ActiveCfg = Debug|Any CPU
		{2AACBE49-B793-46CC-804E-FF5B0E59954F}.Debug|iPhoneSimulator.Build.0 = Debug|Any CPU
		{2AACBE49-B793-46CC-804E-FF5B0E59954F}.Debug|iPhoneSimulator.Deploy.0 = Debug|Any CPU
		{2AACBE49-B793-46CC-804E-FF5B0E59954F}.Release|Any CPU.ActiveCfg = Release|Any CPU
		{2AACBE49-B793-46CC-804E-FF5B0E59954F}.Release|Any CPU.Build.0 = Release|Any CPU
		{2AACBE49-B793-46CC-804E-FF5B0E59954F}.Release|Any CPU.Deploy.0 = Release|Any CPU
		{2AACBE49-B793-46CC-804E-FF5B0E59954F}.Release|iPhone.ActiveCfg = Release|Any CPU
		{2AACBE49-B793-46CC-804E-FF5B0E59954F}.Release|iPhone.Build.0 = Release|Any CPU
		{2AACBE49-B793-46CC-804E-FF5B0E59954F}.Release|iPhone.Deploy.0 = Release|Any CPU
		{2AACBE49-B793-46CC-804E-FF5B0E59954F}.Release|iPhoneSimulator.ActiveCfg = Release|Any CPU
		{2AACBE49-B793-46CC-804E-FF5B0E59954F}.Release|iPhoneSimulator.Build.0 = Release|Any CPU
		{2AACBE49-B793-46CC-804E-FF5B0E59954F}.Release|iPhoneSimulator.Deploy.0 = Release|Any CPU
		{58B33F02-F194-47EE-9302-3C91B5E75EB0}.Ad-Hoc|Any CPU.ActiveCfg = Ad-Hoc|iPhone
		{58B33F02-F194-47EE-9302-3C91B5E75EB0}.Ad-Hoc|iPhone.ActiveCfg = Ad-Hoc|iPhone
		{58B33F02-F194-47EE-9302-3C91B5E75EB0}.Ad-Hoc|iPhone.Build.0 = Ad-Hoc|iPhone
		{58B33F02-F194-47EE-9302-3C91B5E75EB0}.Ad-Hoc|iPhoneSimulator.ActiveCfg = Ad-Hoc|iPhoneSimulator
		{58B33F02-F194-47EE-9302-3C91B5E75EB0}.Ad-Hoc|iPhoneSimulator.Build.0 = Ad-Hoc|iPhoneSimulator
		{58B33F02-F194-47EE-9302-3C91B5E75EB0}.AppStore|Any CPU.ActiveCfg = AppStore|iPhone
		{58B33F02-F194-47EE-9302-3C91B5E75EB0}.AppStore|iPhone.ActiveCfg = AppStore|iPhone
		{58B33F02-F194-47EE-9302-3C91B5E75EB0}.AppStore|iPhone.Build.0 = AppStore|iPhone
		{58B33F02-F194-47EE-9302-3C91B5E75EB0}.AppStore|iPhoneSimulator.ActiveCfg = AppStore|iPhoneSimulator
		{58B33F02-F194-47EE-9302-3C91B5E75EB0}.AppStore|iPhoneSimulator.Build.0 = AppStore|iPhoneSimulator
		{58B33F02-F194-47EE-9302-3C91B5E75EB0}.Debug|Any CPU.ActiveCfg = Debug|iPhone
		{58B33F02-F194-47EE-9302-3C91B5E75EB0}.Debug|iPhone.ActiveCfg = Debug|iPhone
		{58B33F02-F194-47EE-9302-3C91B5E75EB0}.Debug|iPhone.Build.0 = Debug|iPhone
		{58B33F02-F194-47EE-9302-3C91B5E75EB0}.Debug|iPhoneSimulator.ActiveCfg = Debug|iPhoneSimulator
		{58B33F02-F194-47EE-9302-3C91B5E75EB0}.Debug|iPhoneSimulator.Build.0 = Debug|iPhoneSimulator
		{58B33F02-F194-47EE-9302-3C91B5E75EB0}.Release|Any CPU.ActiveCfg = Release|iPhone
		{58B33F02-F194-47EE-9302-3C91B5E75EB0}.Release|iPhone.ActiveCfg = Release|iPhone
		{58B33F02-F194-47EE-9302-3C91B5E75EB0}.Release|iPhone.Build.0 = Release|iPhone
		{58B33F02-F194-47EE-9302-3C91B5E75EB0}.Release|iPhoneSimulator.ActiveCfg = Release|iPhoneSimulator
		{58B33F02-F194-47EE-9302-3C91B5E75EB0}.Release|iPhoneSimulator.Build.0 = Release|iPhoneSimulator
		{F3AE3D5F-4183-4E5C-90BD-8B48B171BD4D}.Ad-Hoc|Any CPU.ActiveCfg = Debug|Any CPU
		{F3AE3D5F-4183-4E5C-90BD-8B48B171BD4D}.Ad-Hoc|Any CPU.Build.0 = Debug|Any CPU
		{F3AE3D5F-4183-4E5C-90BD-8B48B171BD4D}.Ad-Hoc|iPhone.ActiveCfg = Debug|Any CPU
		{F3AE3D5F-4183-4E5C-90BD-8B48B171BD4D}.Ad-Hoc|iPhone.Build.0 = Debug|Any CPU
		{F3AE3D5F-4183-4E5C-90BD-8B48B171BD4D}.Ad-Hoc|iPhoneSimulator.ActiveCfg = Debug|Any CPU
		{F3AE3D5F-4183-4E5C-90BD-8B48B171BD4D}.Ad-Hoc|iPhoneSimulator.Build.0 = Debug|Any CPU
		{F3AE3D5F-4183-4E5C-90BD-8B48B171BD4D}.AppStore|Any CPU.ActiveCfg = Debug|Any CPU
		{F3AE3D5F-4183-4E5C-90BD-8B48B171BD4D}.AppStore|Any CPU.Build.0 = Debug|Any CPU
		{F3AE3D5F-4183-4E5C-90BD-8B48B171BD4D}.AppStore|iPhone.ActiveCfg = Debug|Any CPU
		{F3AE3D5F-4183-4E5C-90BD-8B48B171BD4D}.AppStore|iPhone.Build.0 = Debug|Any CPU
		{F3AE3D5F-4183-4E5C-90BD-8B48B171BD4D}.AppStore|iPhoneSimulator.ActiveCfg = Debug|Any CPU
		{F3AE3D5F-4183-4E5C-90BD-8B48B171BD4D}.AppStore|iPhoneSimulator.Build.0 = Debug|Any CPU
		{F3AE3D5F-4183-4E5C-90BD-8B48B171BD4D}.Debug|Any CPU.ActiveCfg = Debug|Any CPU
		{F3AE3D5F-4183-4E5C-90BD-8B48B171BD4D}.Debug|Any CPU.Build.0 = Debug|Any CPU
		{F3AE3D5F-4183-4E5C-90BD-8B48B171BD4D}.Debug|iPhone.ActiveCfg = Debug|Any CPU
		{F3AE3D5F-4183-4E5C-90BD-8B48B171BD4D}.Debug|iPhone.Build.0 = Debug|Any CPU
		{F3AE3D5F-4183-4E5C-90BD-8B48B171BD4D}.Debug|iPhoneSimulator.ActiveCfg = Debug|Any CPU
		{F3AE3D5F-4183-4E5C-90BD-8B48B171BD4D}.Debug|iPhoneSimulator.Build.0 = Debug|Any CPU
		{F3AE3D5F-4183-4E5C-90BD-8B48B171BD4D}.Release|Any CPU.ActiveCfg = Release|Any CPU
		{F3AE3D5F-4183-4E5C-90BD-8B48B171BD4D}.Release|Any CPU.Build.0 = Release|Any CPU
		{F3AE3D5F-4183-4E5C-90BD-8B48B171BD4D}.Release|iPhone.ActiveCfg = Release|Any CPU
		{F3AE3D5F-4183-4E5C-90BD-8B48B171BD4D}.Release|iPhone.Build.0 = Release|Any CPU
		{F3AE3D5F-4183-4E5C-90BD-8B48B171BD4D}.Release|iPhoneSimulator.ActiveCfg = Release|Any CPU
		{F3AE3D5F-4183-4E5C-90BD-8B48B171BD4D}.Release|iPhoneSimulator.Build.0 = Release|Any CPU
	EndGlobalSection
	GlobalSection(SolutionProperties) = preSolution
		HideSolutionNode = FALSE
	EndGlobalSection
	GlobalSection(ExtensibilityGlobals) = postSolution
		SolutionGuid = {29555760-2AC9-4C0B-8BF8-624A889EB4ED}
	EndGlobalSection
EndGlobal
